
Microsoft Visual Studio Solution File, Format Version 12.00
# Visual Studio Version 17
VisualStudioVersion = 17.9.34701.34
MinimumVisualStudioVersion = 10.0.40219.1
Project("{9A19103F-16F7-4668-BE54-9A1E7A4F7556}") = "DemoHashPassword.API", "DemoHashPassword\DemoHashPassword.API.csproj", "{51D179F2-774C-4311-8D8D-777A476B6B65}"
EndProject
Project("{9A19103F-16F7-4668-BE54-9A1E7A4F7556}") = "DemoHashPasword.BLL", "DemoHashPasword.BLL\DemoHashPasword.BLL.csproj", "{94E51B3F-AF8B-47B2-94F4-7956DC951D55}"
EndProject
Project("{9A19103F-16F7-4668-BE54-9A1E7A4F7556}") = "DemoHashPassword.DAL", "DemoHashPassword.DAL\DemoHashPassword.DAL.csproj", "{2825C52E-953E-402A-BEDF-A76E97501A5F}"
EndProject
Project("{9A19103F-16F7-4668-BE54-9A1E7A4F7556}") = "DemoHashPassword.DL", "DemoHashPassword.DL\DemoHashPassword.DL.csproj", "{7738A3F8-5862-4B34-AED2-2121A43A52E6}"
EndProject
Project("{00D1A9C2-B5F0-4AF3-8072-F6C62B433612}") = "DemoHashPassword.DB", "DemoHashPassword.DB\DemoHashPassword.DB.sqlproj", "{BA060CD9-A838-4DD9-8EAA-0ABE3F3BBA24}"
EndProject
Project("{FAE04EC0-301F-11D3-BF4B-00C04F79EFBC}") = "DemoHashPassword.IL", "DemoHashPassword.IL\DemoHashPassword.IL.csproj", "{3EE8786E-4B72-47E8-9A25-5F816FED6444}"
EndProject
Global
	GlobalSection(SolutionConfigurationPlatforms) = preSolution
		Debug|Any CPU = Debug|Any CPU
		Release|Any CPU = Release|Any CPU
	EndGlobalSection
	GlobalSection(ProjectConfigurationPlatforms) = postSolution
		{51D179F2-774C-4311-8D8D-777A476B6B65}.Debug|Any CPU.ActiveCfg = Debug|Any CPU
		{51D179F2-774C-4311-8D8D-777A476B6B65}.Debug|Any CPU.Build.0 = Debug|Any CPU
		{51D179F2-774C-4311-8D8D-777A476B6B65}.Release|Any CPU.ActiveCfg = Release|Any CPU
		{51D179F2-774C-4311-8D8D-777A476B6B65}.Release|Any CPU.Build.0 = Release|Any CPU
		{94E51B3F-AF8B-47B2-94F4-7956DC951D55}.Debug|Any CPU.ActiveCfg = Debug|Any CPU
		{94E51B3F-AF8B-47B2-94F4-7956DC951D55}.Debug|Any CPU.Build.0 = Debug|Any CPU
		{94E51B3F-AF8B-47B2-94F4-7956DC951D55}.Release|Any CPU.ActiveCfg = Release|Any CPU
		{94E51B3F-AF8B-47B2-94F4-7956DC951D55}.Release|Any CPU.Build.0 = Release|Any CPU
		{2825C52E-953E-402A-BEDF-A76E97501A5F}.Debug|Any CPU.ActiveCfg = Debug|Any CPU
		{2825C52E-953E-402A-BEDF-A76E97501A5F}.Debug|Any CPU.Build.0 = Debug|Any CPU
		{2825C52E-953E-402A-BEDF-A76E97501A5F}.Release|Any CPU.ActiveCfg = Release|Any CPU
		{2825C52E-953E-402A-BEDF-A76E97501A5F}.Release|Any CPU.Build.0 = Release|Any CPU
		{7738A3F8-5862-4B34-AED2-2121A43A52E6}.Debug|Any CPU.ActiveCfg = Debug|Any CPU
		{7738A3F8-5862-4B34-AED2-2121A43A52E6}.Debug|Any CPU.Build.0 = Debug|Any CPU
		{7738A3F8-5862-4B34-AED2-2121A43A52E6}.Release|Any CPU.ActiveCfg = Release|Any CPU
		{7738A3F8-5862-4B34-AED2-2121A43A52E6}.Release|Any CPU.Build.0 = Release|Any CPU
		{BA060CD9-A838-4DD9-8EAA-0ABE3F3BBA24}.Debug|Any CPU.ActiveCfg = Debug|Any CPU
		{BA060CD9-A838-4DD9-8EAA-0ABE3F3BBA24}.Debug|Any CPU.Build.0 = Debug|Any CPU
		{BA060CD9-A838-4DD9-8EAA-0ABE3F3BBA24}.Debug|Any CPU.Deploy.0 = Debug|Any CPU
		{BA060CD9-A838-4DD9-8EAA-0ABE3F3BBA24}.Release|Any CPU.ActiveCfg = Release|Any CPU
		{BA060CD9-A838-4DD9-8EAA-0ABE3F3BBA24}.Release|Any CPU.Build.0 = Release|Any CPU
		{BA060CD9-A838-4DD9-8EAA-0ABE3F3BBA24}.Release|Any CPU.Deploy.0 = Release|Any CPU
		{3EE8786E-4B72-47E8-9A25-5F816FED6444}.Debug|Any CPU.ActiveCfg = Debug|Any CPU
		{3EE8786E-4B72-47E8-9A25-5F816FED6444}.Debug|Any CPU.Build.0 = Debug|Any CPU
		{3EE8786E-4B72-47E8-9A25-5F816FED6444}.Release|Any CPU.ActiveCfg = Release|Any CPU
		{3EE8786E-4B72-47E8-9A25-5F816FED6444}.Release|Any CPU.Build.0 = Release|Any CPU
	EndGlobalSection
	GlobalSection(SolutionProperties) = preSolution
		HideSolutionNode = FALSE
	EndGlobalSection
	GlobalSection(ExtensibilityGlobals) = postSolution
		SolutionGuid = {94A6D9A6-129D-471C-A54F-D94E7F2F4982}
	EndGlobalSection
EndGlobal
